PODS:
  - Localize-Swift (3.2.0):
    - Localize-Swift/LocalizeSwiftCore (= 3.2.0)
    - Localize-Swift/UIKit (= 3.2.0)
  - Localize-Swift/LocalizeSwiftCore (3.2.0)
  - Localize-Swift/UIKit (3.2.0):
    - Localize-Swift/LocalizeSwiftCore

DEPENDENCIES:
  - Localize-Swift

SPEC REPOS:
  trunk:
    - Localize-Swift

SPEC CHECKSUMS:
  Localize-Swift: 6f4475136bdb0d7b2882ea3d4ea919d70142b232

PODFILE CHECKSUM: b82507b9f228af8f6346fe5afe9e98addf88dad6

COCOAPODS: 1.10.1
